
Microsoft Visual Studio Solution File, Format Version 12.00
# Visual Studio 14
VisualStudioVersion = 14.0.25420.1
MinimumVisualStudioVersion = 10.0.40219.1
Project("{FAE04EC0-301F-11D3-BF4B-00C04F79EFBC}") = "PokerKata", "PokerKata\PokerKata.csproj", "{4BFF1FEC-E718-4862-B85A-70E43254E6E9}"
EndProject
Project("{FAE04EC0-301F-11D3-BF4B-00C04F79EFBC}") = "PokerKata.Tests", "PokerKata.Tests\PokerKata.Tests.csproj", "{57735798-1CF8-4603-80B9-C1AA87937959}"
EndProject
Global
	GlobalSection(SolutionConfigurationPlatforms) = preSolution
		Debug|Any CPU = Debug|Any CPU
		Release|Any CPU = Release|Any CPU
	EndGlobalSection
	GlobalSection(ProjectConfigurationPlatforms) = postSolution
		{4BFF1FEC-E718-4862-B85A-70E43254E6E9}.Debug|Any CPU.ActiveCfg = Debug|Any CPU
		{4BFF1FEC-E718-4862-B85A-70E43254E6E9}.Debug|Any CPU.Build.0 = Debug|Any CPU
		{4BFF1FEC-E718-4862-B85A-70E43254E6E9}.Release|Any CPU.ActiveCfg = Release|Any CPU
		{4BFF1FEC-E718-4862-B85A-70E43254E6E9}.Release|Any CPU.Build.0 = Release|Any CPU
		{57735798-1CF8-4603-80B9-C1AA87937959}.Debug|Any CPU.ActiveCfg = Debug|Any CPU
		{57735798-1CF8-4603-80B9-C1AA87937959}.Debug|Any CPU.Build.0 = Debug|Any CPU
		{57735798-1CF8-4603-80B9-C1AA87937959}.Release|Any CPU.ActiveCfg = Release|Any CPU
		{57735798-1CF8-4603-80B9-C1AA87937959}.Release|Any CPU.Build.0 = Release|Any CPU
	EndGlobalSection
	GlobalSection(SolutionProperties) = preSolution
		HideSolutionNode = FALSE
	EndGlobalSection
EndGlobal
